# Generated by pub
# See https://dart.dev/tools/pub/glossary#lockfile
packages:
  clock:
    dependency: transitive
    description:
      name: clock
      sha256: cb6d7f03e1de671e34607e909a7213e31d7752be4fb66a86d29fe1eb14bfb5cf
      url: "https://pub.dev"
    source: hosted
    version: "1.1.1"
  collection:
    dependency: transitive
    description:
      name: collection
      sha256: ee67cb0715911d28db6bf4af1026078bd6f0128b07a5f66fb2ed94ec6783c09a
      url: "https://pub.dev"
    source: hosted
    version: "1.18.0"
  intl:
    dependency: "direct main"
    description:
      name: intl
      sha256: "910f85bce16fb5c6f614e117efa303e85a1731bb0081edf3604a2ae6e9a3cc91"
      url: "https://pub.dev"
    source: hosted
    version: "0.17.0"
  meta:
    dependency: transitive
    description:
      name: meta
      sha256: d584fa6707a52763a52446f02cc621b077888fb63b93bbcb1143a7be5a0c0c04
      url: "https://pub.dev"
    source: hosted
    version: "1.11.0"
  path:
    dependency: transitive
    description:
      name: path
      sha256: "8829d8a55c13fc0e37127c29fedf290c102f4e40ae94ada574091fe0ff96c917"
      url: "https://pub.dev"
    source: hosted
    version: "1.8.3"
  petitparser:
    dependency: transitive
    description:
      name: petitparser
      sha256: eeb2d1428ee7f4170e2bd498827296a18d4e7fc462b71727d111c0ac7707cfa6
      url: "https://pub.dev"
    source: hosted
    version: "6.0.1"
  xml:
    dependency: "direct main"
    description:
      name: xml
      sha256: af5e77e9b83f2f4adc5d3f0a4ece1c7f45a2467b695c2540381bac793e34e556
      url: "https://pub.dev"
    source: hosted
    version: "6.4.2"
sdks:
  dart: ">3.0.0 <4.0.0"
